
Microsoft Visual Studio Solution File, Format Version 12.00
# Visual Studio Version 16
VisualStudioVersion = 16.0.30114.105
MinimumVisualStudioVersion = 10.0.40219.1
Project("{FAE04EC0-301F-11D3-BF4B-00C04F79EFBC}") = "api.src", "api.src\api.src.csproj", "{B15F2706-11B1-478A-9D1F-99D15C0A6210}"
EndProject
Project("{FAE04EC0-301F-11D3-BF4B-00C04F79EFBC}") = "api.tests", "api.tests\api.tests.csproj", "{2CFFE511-42CD-41FE-BE86-E9F6A0A7ECDC}"
EndProject
Global
	GlobalSection(SolutionConfigurationPlatforms) = preSolution
		Debug|Any CPU = Debug|Any CPU
		Debug|x64 = Debug|x64
		Debug|x86 = Debug|x86
		Release|Any CPU = Release|Any CPU
		Release|x64 = Release|x64
		Release|x86 = Release|x86
	EndGlobalSection
	GlobalSection(SolutionProperties) = preSolution
		HideSolutionNode = FALSE
	EndGlobalSection
	GlobalSection(ProjectConfigurationPlatforms) = postSolution
		{B15F2706-11B1-478A-9D1F-99D15C0A6210}.Debug|Any CPU.ActiveCfg = Debug|Any CPU
		{B15F2706-11B1-478A-9D1F-99D15C0A6210}.Debug|Any CPU.Build.0 = Debug|Any CPU
		{B15F2706-11B1-478A-9D1F-99D15C0A6210}.Debug|x64.ActiveCfg = Debug|Any CPU
		{B15F2706-11B1-478A-9D1F-99D15C0A6210}.Debug|x64.Build.0 = Debug|Any CPU
		{B15F2706-11B1-478A-9D1F-99D15C0A6210}.Debug|x86.ActiveCfg = Debug|Any CPU
		{B15F2706-11B1-478A-9D1F-99D15C0A6210}.Debug|x86.Build.0 = Debug|Any CPU
		{B15F2706-11B1-478A-9D1F-99D15C0A6210}.Release|Any CPU.ActiveCfg = Release|Any CPU
		{B15F2706-11B1-478A-9D1F-99D15C0A6210}.Release|Any CPU.Build.0 = Release|Any CPU
		{B15F2706-11B1-478A-9D1F-99D15C0A6210}.Release|x64.ActiveCfg = Release|Any CPU
		{B15F2706-11B1-478A-9D1F-99D15C0A6210}.Release|x64.Build.0 = Release|Any CPU
		{B15F2706-11B1-478A-9D1F-99D15C0A6210}.Release|x86.ActiveCfg = Release|Any CPU
		{B15F2706-11B1-478A-9D1F-99D15C0A6210}.Release|x86.Build.0 = Release|Any CPU
		{2CFFE511-42CD-41FE-BE86-E9F6A0A7ECDC}.Debug|Any CPU.ActiveCfg = Debug|Any CPU
		{2CFFE511-42CD-41FE-BE86-E9F6A0A7ECDC}.Debug|Any CPU.Build.0 = Debug|Any CPU
		{2CFFE511-42CD-41FE-BE86-E9F6A0A7ECDC}.Debug|x64.ActiveCfg = Debug|Any CPU
		{2CFFE511-42CD-41FE-BE86-E9F6A0A7ECDC}.Debug|x64.Build.0 = Debug|Any CPU
		{2CFFE511-42CD-41FE-BE86-E9F6A0A7ECDC}.Debug|x86.ActiveCfg = Debug|Any CPU
		{2CFFE511-42CD-41FE-BE86-E9F6A0A7ECDC}.Debug|x86.Build.0 = Debug|Any CPU
		{2CFFE511-42CD-41FE-BE86-E9F6A0A7ECDC}.Release|Any CPU.ActiveCfg = Release|Any CPU
		{2CFFE511-42CD-41FE-BE86-E9F6A0A7ECDC}.Release|Any CPU.Build.0 = Release|Any CPU
		{2CFFE511-42CD-41FE-BE86-E9F6A0A7ECDC}.Release|x64.ActiveCfg = Release|Any CPU
		{2CFFE511-42CD-41FE-BE86-E9F6A0A7ECDC}.Release|x64.Build.0 = Release|Any CPU
		{2CFFE511-42CD-41FE-BE86-E9F6A0A7ECDC}.Release|x86.ActiveCfg = Release|Any CPU
		{2CFFE511-42CD-41FE-BE86-E9F6A0A7ECDC}.Release|x86.Build.0 = Release|Any CPU
	EndGlobalSection
EndGlobal
